
Microsoft Visual Studio Solution File, Format Version 12.00
# Visual Studio Version 17
VisualStudioVersion = 17.1.32210.238
MinimumVisualStudioVersion = 10.0.40219.1
Project("{FAE04EC0-301F-11D3-BF4B-00C04F79EFBC}") = "ClassLibrary2", "ClassLibrary2\ClassLibrary2.csproj", "{D4087517-DAA6-4FF1-92F5-0B9EA25F892B}"
EndProject
Global
	GlobalSection(SolutionConfigurationPlatforms) = preSolution
		Debug|Any CPU = Debug|Any CPU
		Release|Any CPU = Release|Any CPU
	EndGlobalSection
	GlobalSection(ProjectConfigurationPlatforms) = postSolution
		{D4087517-DAA6-4FF1-92F5-0B9EA25F892B}.Debug|Any CPU.ActiveCfg = Debug|Any CPU
		{D4087517-DAA6-4FF1-92F5-0B9EA25F892B}.Debug|Any CPU.Build.0 = Debug|Any CPU
		{D4087517-DAA6-4FF1-92F5-0B9EA25F892B}.Release|Any CPU.ActiveCfg = Release|Any CPU
		{D4087517-DAA6-4FF1-92F5-0B9EA25F892B}.Release|Any CPU.Build.0 = Release|Any CPU
	EndGlobalSection
	GlobalSection(SolutionProperties) = preSolution
		HideSolutionNode = FALSE
	EndGlobalSection
	GlobalSection(ExtensibilityGlobals) = postSolution
		SolutionGuid = {E7EC2810-EA86-4587-B173-2FB451ED9907}
	EndGlobalSection
EndGlobal
